
Microsoft Visual Studio Solution File, Format Version 12.00
# Visual Studio Version 17
VisualStudioVersion = 17.4.33213.308
MinimumVisualStudioVersion = 10.0.40219.1
Project("{FAE04EC0-301F-11D3-BF4B-00C04F79EFBC}") = "oops", "..\..\source\opps_concept\oops\oops.csproj", "{CDAF38D0-2484-408E-9508-6065694B49F4}"
EndProject
Global
	GlobalSection(SolutionConfigurationPlatforms) = preSolution
		Debug|Any CPU = Debug|Any CPU
		Release|Any CPU = Release|Any CPU
	EndGlobalSection
	GlobalSection(ProjectConfigurationPlatforms) = postSolution
		{CDAF38D0-2484-408E-9508-6065694B49F4}.Debug|Any CPU.ActiveCfg = Debug|Any CPU
		{CDAF38D0-2484-408E-9508-6065694B49F4}.Debug|Any CPU.Build.0 = Debug|Any CPU
		{CDAF38D0-2484-408E-9508-6065694B49F4}.Release|Any CPU.ActiveCfg = Release|Any CPU
		{CDAF38D0-2484-408E-9508-6065694B49F4}.Release|Any CPU.Build.0 = Release|Any CPU
	EndGlobalSection
	GlobalSection(SolutionProperties) = preSolution
		HideSolutionNode = FALSE
	EndGlobalSection
	GlobalSection(ExtensibilityGlobals) = postSolution
		SolutionGuid = {18A8A98D-ACA2-4782-B8D2-90F6B4E796BF}
	EndGlobalSection
EndGlobal
